<?xml version="1.0" encoding="UTF-8"?>
<CodeBlocks_project_file>
    <FileVersion major="1" minor="6"/>
    <Project>
        <Option title="TestDriver"/>
        <Option compiler="gcc"/>
        <Build>
            <Target title="Default">
                <Option output="bin\Debug\TestDriver.exe" />
                <Option object_output="obj\Debug\" />
                <Option type="1" />
                <Option compiler="gcc" />
                <Compiler>
                    <Add option="-g" />
                </Compiler>
            </Target>
        </Build>
        <Compiler>
            <Add option="-Wall" />
        </Compiler>
        <Unit filename="main.cpp" />
        <Unit filename="Modules.cpp" />
        <Unit filename="Modules.h" />
        <Extensions>
            <code_completion />
            <debugger />
        </Extensions>
    </Project>
</CodeBlocks_project_file>
